
Microsoft Visual Studio Solution File, Format Version 12.00
# Visual Studio Version 17
VisualStudioVersion = 17.2.32616.157
MinimumVisualStudioVersion = 10.0.40219.1
Project("{9A19103F-16F7-4668-BE54-9A1E7A4F7556}") = "netCoreAPI", "netCoreAPI\netCoreAPI.csproj", "{1B171E92-3BB8-4772-96DC-447D548BBA5A}"
EndProject
Project("{9A19103F-16F7-4668-BE54-9A1E7A4F7556}") = "netCoreAPI.Data", "netCoreAPI.Data\netCoreAPI.Data.csproj", "{AF4849BF-8684-49B8-912C-D248E5028923}"
EndProject
Project("{9A19103F-16F7-4668-BE54-9A1E7A4F7556}") = "netCoreAPI.Tests", "netCoreAPI.Tests\netCoreAPI.Tests.csproj", "{46D9EBA8-2E4C-4B2E-BF40-B6F0EE203407}"
EndProject
Project("{9A19103F-16F7-4668-BE54-9A1E7A4F7556}") = "netCoreAPI.Core", "netCoreAPI.Core\netCoreAPI.Core.csproj", "{34CD98A7-CB48-49D0-8880-A8DF38A97314}"
EndProject
Project("{9A19103F-16F7-4668-BE54-9A1E7A4F7556}") = "netCoreAPI.Models", "netCoreAPI.Models\netCoreAPI.Models.csproj", "{8515F960-D1FA-459A-A41E-F7CC98F1ADC1}"
EndProject
Project("{9A19103F-16F7-4668-BE54-9A1E7A4F7556}") = "netCoreAPI.Static", "netCoreAPI.Static\netCoreAPI.Static.csproj", "{BBA475E0-0FEF-4A68-A361-6D0A15EAFD2D}"
EndProject
Project("{9A19103F-16F7-4668-BE54-9A1E7A4F7556}") = "netCoreAPI.Controllers", "netCoreAPI.Controllers\netCoreAPI.Controllers.csproj", "{A5894062-054A-4F3C-9363-E6468EDD678C}"
EndProject
Project("{9A19103F-16F7-4668-BE54-9A1E7A4F7556}") = "netCoreAPI.DbSeed", "netCoreAPI.DbSeed\netCoreAPI.DbSeed.csproj", "{EB08FD9F-32B7-4D61-9A9A-A3409052EAB7}"
EndProject
Project("{2150E333-8FDC-42A3-9474-1A3956D46DE8}") = "Tests", "Tests", "{0B559085-73E8-489E-8C38-6260539B8495}"
EndProject
Project("{2150E333-8FDC-42A3-9474-1A3956D46DE8}") = "src", "src", "{21B8AFBE-101E-4658-982F-DECEACDB1423}"
EndProject
Global
	GlobalSection(SolutionConfigurationPlatforms) = preSolution
		Debug|Any CPU = Debug|Any CPU
		Release|Any CPU = Release|Any CPU
	EndGlobalSection
	GlobalSection(ProjectConfigurationPlatforms) = postSolution
		{1B171E92-3BB8-4772-96DC-447D548BBA5A}.Debug|Any CPU.ActiveCfg = Debug|Any CPU
		{1B171E92-3BB8-4772-96DC-447D548BBA5A}.Debug|Any CPU.Build.0 = Debug|Any CPU
		{1B171E92-3BB8-4772-96DC-447D548BBA5A}.Release|Any CPU.ActiveCfg = Release|Any CPU
		{1B171E92-3BB8-4772-96DC-447D548BBA5A}.Release|Any CPU.Build.0 = Release|Any CPU
		{AF4849BF-8684-49B8-912C-D248E5028923}.Debug|Any CPU.ActiveCfg = Debug|Any CPU
		{AF4849BF-8684-49B8-912C-D248E5028923}.Debug|Any CPU.Build.0 = Debug|Any CPU
		{AF4849BF-8684-49B8-912C-D248E5028923}.Release|Any CPU.ActiveCfg = Release|Any CPU
		{AF4849BF-8684-49B8-912C-D248E5028923}.Release|Any CPU.Build.0 = Release|Any CPU
		{46D9EBA8-2E4C-4B2E-BF40-B6F0EE203407}.Debug|Any CPU.ActiveCfg = Debug|Any CPU
		{46D9EBA8-2E4C-4B2E-BF40-B6F0EE203407}.Debug|Any CPU.Build.0 = Debug|Any CPU
		{46D9EBA8-2E4C-4B2E-BF40-B6F0EE203407}.Release|Any CPU.ActiveCfg = Release|Any CPU
		{46D9EBA8-2E4C-4B2E-BF40-B6F0EE203407}.Release|Any CPU.Build.0 = Release|Any CPU
		{34CD98A7-CB48-49D0-8880-A8DF38A97314}.Debug|Any CPU.ActiveCfg = Debug|Any CPU
		{34CD98A7-CB48-49D0-8880-A8DF38A97314}.Debug|Any CPU.Build.0 = Debug|Any CPU
		{34CD98A7-CB48-49D0-8880-A8DF38A97314}.Release|Any CPU.ActiveCfg = Release|Any CPU
		{34CD98A7-CB48-49D0-8880-A8DF38A97314}.Release|Any CPU.Build.0 = Release|Any CPU
		{8515F960-D1FA-459A-A41E-F7CC98F1ADC1}.Debug|Any CPU.ActiveCfg = Debug|Any CPU
		{8515F960-D1FA-459A-A41E-F7CC98F1ADC1}.Debug|Any CPU.Build.0 = Debug|Any CPU
		{8515F960-D1FA-459A-A41E-F7CC98F1ADC1}.Release|Any CPU.ActiveCfg = Release|Any CPU
		{8515F960-D1FA-459A-A41E-F7CC98F1ADC1}.Release|Any CPU.Build.0 = Release|Any CPU
		{BBA475E0-0FEF-4A68-A361-6D0A15EAFD2D}.Debug|Any CPU.ActiveCfg = Debug|Any CPU
		{BBA475E0-0FEF-4A68-A361-6D0A15EAFD2D}.Debug|Any CPU.Build.0 = Debug|Any CPU
		{BBA475E0-0FEF-4A68-A361-6D0A15EAFD2D}.Release|Any CPU.ActiveCfg = Release|Any CPU
		{BBA475E0-0FEF-4A68-A361-6D0A15EAFD2D}.Release|Any CPU.Build.0 = Release|Any CPU
		{A5894062-054A-4F3C-9363-E6468EDD678C}.Debug|Any CPU.ActiveCfg = Debug|Any CPU
		{A5894062-054A-4F3C-9363-E6468EDD678C}.Debug|Any CPU.Build.0 = Debug|Any CPU
		{A5894062-054A-4F3C-9363-E6468EDD678C}.Release|Any CPU.ActiveCfg = Release|Any CPU
		{A5894062-054A-4F3C-9363-E6468EDD678C}.Release|Any CPU.Build.0 = Release|Any CPU
		{EB08FD9F-32B7-4D61-9A9A-A3409052EAB7}.Debug|Any CPU.ActiveCfg = Debug|Any CPU
		{EB08FD9F-32B7-4D61-9A9A-A3409052EAB7}.Debug|Any CPU.Build.0 = Debug|Any CPU
		{EB08FD9F-32B7-4D61-9A9A-A3409052EAB7}.Release|Any CPU.ActiveCfg = Release|Any CPU
		{EB08FD9F-32B7-4D61-9A9A-A3409052EAB7}.Release|Any CPU.Build.0 = Release|Any CPU
	EndGlobalSection
	GlobalSection(SolutionProperties) = preSolution
		HideSolutionNode = FALSE
	EndGlobalSection
	GlobalSection(NestedProjects) = preSolution
		{1B171E92-3BB8-4772-96DC-447D548BBA5A} = {21B8AFBE-101E-4658-982F-DECEACDB1423}
		{AF4849BF-8684-49B8-912C-D248E5028923} = {21B8AFBE-101E-4658-982F-DECEACDB1423}
		{46D9EBA8-2E4C-4B2E-BF40-B6F0EE203407} = {0B559085-73E8-489E-8C38-6260539B8495}
		{34CD98A7-CB48-49D0-8880-A8DF38A97314} = {21B8AFBE-101E-4658-982F-DECEACDB1423}
		{8515F960-D1FA-459A-A41E-F7CC98F1ADC1} = {21B8AFBE-101E-4658-982F-DECEACDB1423}
		{BBA475E0-0FEF-4A68-A361-6D0A15EAFD2D} = {21B8AFBE-101E-4658-982F-DECEACDB1423}
		{A5894062-054A-4F3C-9363-E6468EDD678C} = {21B8AFBE-101E-4658-982F-DECEACDB1423}
		{EB08FD9F-32B7-4D61-9A9A-A3409052EAB7} = {21B8AFBE-101E-4658-982F-DECEACDB1423}
	EndGlobalSection
	GlobalSection(ExtensibilityGlobals) = postSolution
		SolutionGuid = {61E965D0-D06B-49C1-881D-780568C9C080}
	EndGlobalSection
EndGlobal
