
Microsoft Visual Studio Solution File, Format Version 12.00
# Visual Studio Version 17
VisualStudioVersion = 17.2.32616.157
MinimumVisualStudioVersion = 10.0.40219.1
Project("{9A19103F-16F7-4668-BE54-9A1E7A4F7556}") = "Samp.Personal.API", "src\PersonalService\Samp.Personal.API\Samp.Personal.API.csproj", "{1B171E92-3BB8-4772-96DC-447D548BBA5A}"
EndProject
Project("{9A19103F-16F7-4668-BE54-9A1E7A4F7556}") = "Samp.Personal.Database", "src\PersonalService\Samp.Personal.Database\Samp.Personal.Database.csproj", "{AF4849BF-8684-49B8-912C-D248E5028923}"
EndProject
Project("{9A19103F-16F7-4668-BE54-9A1E7A4F7556}") = "Samp.Tests", "tests\Samp.Tests\Samp.Tests.csproj", "{46D9EBA8-2E4C-4B2E-BF40-B6F0EE203407}"
EndProject
Project("{9A19103F-16F7-4668-BE54-9A1E7A4F7556}") = "Samp.Core", "src\Samp.Core\Samp.Core.csproj", "{34CD98A7-CB48-49D0-8880-A8DF38A97314}"
EndProject
Project("{2150E333-8FDC-42A3-9474-1A3956D46DE8}") = "tests", "tests", "{0B559085-73E8-489E-8C38-6260539B8495}"
EndProject
Project("{2150E333-8FDC-42A3-9474-1A3956D46DE8}") = "src", "src", "{21B8AFBE-101E-4658-982F-DECEACDB1423}"
EndProject
Project("{2150E333-8FDC-42A3-9474-1A3956D46DE8}") = "PersonalService", "PersonalService", "{A1268736-E250-47E9-BBED-87978A2DB368}"
EndProject
Project("{2150E333-8FDC-42A3-9474-1A3956D46DE8}") = "MovieService", "MovieService", "{9CA1796F-4B9D-4DF9-BF87-9A60CE171282}"
EndProject
Project("{2150E333-8FDC-42A3-9474-1A3956D46DE8}") = "IdentityService", "IdentityService", "{DE910A07-779A-41F1-A45D-F479368FD89E}"
EndProject
Project("{2150E333-8FDC-42A3-9474-1A3956D46DE8}") = "PaymentService", "PaymentService", "{39DC0D3E-BB4A-4CCC-A8C6-FD925091B1FD}"
EndProject
Project("{2150E333-8FDC-42A3-9474-1A3956D46DE8}") = "GatewayService", "GatewayService", "{4CFC13DB-2B81-4435-954F-D0EE6C6DC9C4}"
EndProject
Project("{9A19103F-16F7-4668-BE54-9A1E7A4F7556}") = "Samp.Gateway.API", "src\GatewayService\Samp.Gateway.API\Samp.Gateway.API.csproj", "{C3D1FDBB-1F37-4464-8619-F6C68E738A41}"
EndProject
Project("{9A19103F-16F7-4668-BE54-9A1E7A4F7556}") = "Samp.Identity.API", "src\IdentityService\Samp.Identity.API\Samp.Identity.API.csproj", "{EF9C556C-6DD9-4A30-B8E5-59DE25F4B044}"
EndProject
Project("{9A19103F-16F7-4668-BE54-9A1E7A4F7556}") = "Samp.Identity.Database", "src\IdentityService\Samp.Identity.Database\Samp.Identity.Database.csproj", "{660ABB80-2601-4864-B5D2-F92CA13A7B1F}"
EndProject
Project("{9A19103F-16F7-4668-BE54-9A1E7A4F7556}") = "Samp.Movie.API", "src\MovieService\Samp.Movie.API\Samp.Movie.API.csproj", "{59F39A07-B0AA-4320-A087-2D66BA913186}"
EndProject
Project("{9A19103F-16F7-4668-BE54-9A1E7A4F7556}") = "Samp.Movie.Database", "src\MovieService\Samp.Movie.Database\Samp.Movie.Database.csproj", "{1E674B56-7DBE-419D-9840-AD92CC7C8773}"
EndProject
Project("{9A19103F-16F7-4668-BE54-9A1E7A4F7556}") = "Samp.Payment.API", "src\PaymentService\Samp.Payment.API\Samp.Payment.API.csproj", "{2BD01860-0DF4-458A-AE40-FFF6441D5BD2}"
EndProject
Project("{9A19103F-16F7-4668-BE54-9A1E7A4F7556}") = "Samp.Payment.Database", "src\PaymentService\Samp.Payment.Database\Samp.Payment.Database.csproj", "{39ED1235-CF0C-42CC-8DFF-7A83DD4AE89F}"
EndProject
Project("{2150E333-8FDC-42A3-9474-1A3956D46DE8}") = "CartService", "CartService", "{E095E3C4-A8A7-4327-A953-078203087302}"
EndProject
Project("{9A19103F-16F7-4668-BE54-9A1E7A4F7556}") = "Samp.Cart.API", "src\CartService\Samp.Cart.API\Samp.Cart.API.csproj", "{F0D53E44-5DE1-4D1A-81C3-F049E081B32B}"
EndProject
Project("{9A19103F-16F7-4668-BE54-9A1E7A4F7556}") = "Samp.Cart.Database", "src\CartService\Samp.Cart.Database\Samp.Cart.Database.csproj", "{AB98F16C-5671-49B6-ABDC-94505FAD6A74}"
EndProject
Project("{9A19103F-16F7-4668-BE54-9A1E7A4F7556}") = "Samp.Contract", "src\Samp.Contract\Samp.Contract.csproj", "{A49D29F2-4F06-4AC8-8796-DA56A8D0CD71}"
EndProject
Global
	GlobalSection(SolutionConfigurationPlatforms) = preSolution
		Debug|Any CPU = Debug|Any CPU
		Release|Any CPU = Release|Any CPU
	EndGlobalSection
	GlobalSection(ProjectConfigurationPlatforms) = postSolution
		{1B171E92-3BB8-4772-96DC-447D548BBA5A}.Debug|Any CPU.ActiveCfg = Debug|Any CPU
		{1B171E92-3BB8-4772-96DC-447D548BBA5A}.Debug|Any CPU.Build.0 = Debug|Any CPU
		{1B171E92-3BB8-4772-96DC-447D548BBA5A}.Release|Any CPU.ActiveCfg = Release|Any CPU
		{1B171E92-3BB8-4772-96DC-447D548BBA5A}.Release|Any CPU.Build.0 = Release|Any CPU
		{AF4849BF-8684-49B8-912C-D248E5028923}.Debug|Any CPU.ActiveCfg = Debug|Any CPU
		{AF4849BF-8684-49B8-912C-D248E5028923}.Debug|Any CPU.Build.0 = Debug|Any CPU
		{AF4849BF-8684-49B8-912C-D248E5028923}.Release|Any CPU.ActiveCfg = Release|Any CPU
		{AF4849BF-8684-49B8-912C-D248E5028923}.Release|Any CPU.Build.0 = Release|Any CPU
		{46D9EBA8-2E4C-4B2E-BF40-B6F0EE203407}.Debug|Any CPU.ActiveCfg = Debug|Any CPU
		{46D9EBA8-2E4C-4B2E-BF40-B6F0EE203407}.Debug|Any CPU.Build.0 = Debug|Any CPU
		{46D9EBA8-2E4C-4B2E-BF40-B6F0EE203407}.Release|Any CPU.ActiveCfg = Release|Any CPU
		{46D9EBA8-2E4C-4B2E-BF40-B6F0EE203407}.Release|Any CPU.Build.0 = Release|Any CPU
		{34CD98A7-CB48-49D0-8880-A8DF38A97314}.Debug|Any CPU.ActiveCfg = Debug|Any CPU
		{34CD98A7-CB48-49D0-8880-A8DF38A97314}.Debug|Any CPU.Build.0 = Debug|Any CPU
		{34CD98A7-CB48-49D0-8880-A8DF38A97314}.Release|Any CPU.ActiveCfg = Release|Any CPU
		{34CD98A7-CB48-49D0-8880-A8DF38A97314}.Release|Any CPU.Build.0 = Release|Any CPU
		{C3D1FDBB-1F37-4464-8619-F6C68E738A41}.Debug|Any CPU.ActiveCfg = Debug|Any CPU
		{C3D1FDBB-1F37-4464-8619-F6C68E738A41}.Debug|Any CPU.Build.0 = Debug|Any CPU
		{C3D1FDBB-1F37-4464-8619-F6C68E738A41}.Release|Any CPU.ActiveCfg = Release|Any CPU
		{C3D1FDBB-1F37-4464-8619-F6C68E738A41}.Release|Any CPU.Build.0 = Release|Any CPU
		{EF9C556C-6DD9-4A30-B8E5-59DE25F4B044}.Debug|Any CPU.ActiveCfg = Debug|Any CPU
		{EF9C556C-6DD9-4A30-B8E5-59DE25F4B044}.Debug|Any CPU.Build.0 = Debug|Any CPU
		{EF9C556C-6DD9-4A30-B8E5-59DE25F4B044}.Release|Any CPU.ActiveCfg = Release|Any CPU
		{EF9C556C-6DD9-4A30-B8E5-59DE25F4B044}.Release|Any CPU.Build.0 = Release|Any CPU
		{660ABB80-2601-4864-B5D2-F92CA13A7B1F}.Debug|Any CPU.ActiveCfg = Debug|Any CPU
		{660ABB80-2601-4864-B5D2-F92CA13A7B1F}.Debug|Any CPU.Build.0 = Debug|Any CPU
		{660ABB80-2601-4864-B5D2-F92CA13A7B1F}.Release|Any CPU.ActiveCfg = Release|Any CPU
		{660ABB80-2601-4864-B5D2-F92CA13A7B1F}.Release|Any CPU.Build.0 = Release|Any CPU
		{59F39A07-B0AA-4320-A087-2D66BA913186}.Debug|Any CPU.ActiveCfg = Debug|Any CPU
		{59F39A07-B0AA-4320-A087-2D66BA913186}.Debug|Any CPU.Build.0 = Debug|Any CPU
		{59F39A07-B0AA-4320-A087-2D66BA913186}.Release|Any CPU.ActiveCfg = Release|Any CPU
		{59F39A07-B0AA-4320-A087-2D66BA913186}.Release|Any CPU.Build.0 = Release|Any CPU
		{1E674B56-7DBE-419D-9840-AD92CC7C8773}.Debug|Any CPU.ActiveCfg = Debug|Any CPU
		{1E674B56-7DBE-419D-9840-AD92CC7C8773}.Debug|Any CPU.Build.0 = Debug|Any CPU
		{1E674B56-7DBE-419D-9840-AD92CC7C8773}.Release|Any CPU.ActiveCfg = Release|Any CPU
		{1E674B56-7DBE-419D-9840-AD92CC7C8773}.Release|Any CPU.Build.0 = Release|Any CPU
		{2BD01860-0DF4-458A-AE40-FFF6441D5BD2}.Debug|Any CPU.ActiveCfg = Debug|Any CPU
		{2BD01860-0DF4-458A-AE40-FFF6441D5BD2}.Debug|Any CPU.Build.0 = Debug|Any CPU
		{2BD01860-0DF4-458A-AE40-FFF6441D5BD2}.Release|Any CPU.ActiveCfg = Release|Any CPU
		{2BD01860-0DF4-458A-AE40-FFF6441D5BD2}.Release|Any CPU.Build.0 = Release|Any CPU
		{39ED1235-CF0C-42CC-8DFF-7A83DD4AE89F}.Debug|Any CPU.ActiveCfg = Debug|Any CPU
		{39ED1235-CF0C-42CC-8DFF-7A83DD4AE89F}.Debug|Any CPU.Build.0 = Debug|Any CPU
		{39ED1235-CF0C-42CC-8DFF-7A83DD4AE89F}.Release|Any CPU.ActiveCfg = Release|Any CPU
		{39ED1235-CF0C-42CC-8DFF-7A83DD4AE89F}.Release|Any CPU.Build.0 = Release|Any CPU
		{F0D53E44-5DE1-4D1A-81C3-F049E081B32B}.Debug|Any CPU.ActiveCfg = Debug|Any CPU
		{F0D53E44-5DE1-4D1A-81C3-F049E081B32B}.Debug|Any CPU.Build.0 = Debug|Any CPU
		{F0D53E44-5DE1-4D1A-81C3-F049E081B32B}.Release|Any CPU.ActiveCfg = Release|Any CPU
		{F0D53E44-5DE1-4D1A-81C3-F049E081B32B}.Release|Any CPU.Build.0 = Release|Any CPU
		{AB98F16C-5671-49B6-ABDC-94505FAD6A74}.Debug|Any CPU.ActiveCfg = Debug|Any CPU
		{AB98F16C-5671-49B6-ABDC-94505FAD6A74}.Debug|Any CPU.Build.0 = Debug|Any CPU
		{AB98F16C-5671-49B6-ABDC-94505FAD6A74}.Release|Any CPU.ActiveCfg = Release|Any CPU
		{AB98F16C-5671-49B6-ABDC-94505FAD6A74}.Release|Any CPU.Build.0 = Release|Any CPU
		{A49D29F2-4F06-4AC8-8796-DA56A8D0CD71}.Debug|Any CPU.ActiveCfg = Debug|Any CPU
		{A49D29F2-4F06-4AC8-8796-DA56A8D0CD71}.Debug|Any CPU.Build.0 = Debug|Any CPU
		{A49D29F2-4F06-4AC8-8796-DA56A8D0CD71}.Release|Any CPU.ActiveCfg = Release|Any CPU
		{A49D29F2-4F06-4AC8-8796-DA56A8D0CD71}.Release|Any CPU.Build.0 = Release|Any CPU
	EndGlobalSection
	GlobalSection(SolutionProperties) = preSolution
		HideSolutionNode = FALSE
	EndGlobalSection
	GlobalSection(NestedProjects) = preSolution
		{1B171E92-3BB8-4772-96DC-447D548BBA5A} = {A1268736-E250-47E9-BBED-87978A2DB368}
		{AF4849BF-8684-49B8-912C-D248E5028923} = {A1268736-E250-47E9-BBED-87978A2DB368}
		{46D9EBA8-2E4C-4B2E-BF40-B6F0EE203407} = {0B559085-73E8-489E-8C38-6260539B8495}
		{34CD98A7-CB48-49D0-8880-A8DF38A97314} = {21B8AFBE-101E-4658-982F-DECEACDB1423}
		{A1268736-E250-47E9-BBED-87978A2DB368} = {21B8AFBE-101E-4658-982F-DECEACDB1423}
		{9CA1796F-4B9D-4DF9-BF87-9A60CE171282} = {21B8AFBE-101E-4658-982F-DECEACDB1423}
		{DE910A07-779A-41F1-A45D-F479368FD89E} = {21B8AFBE-101E-4658-982F-DECEACDB1423}
		{39DC0D3E-BB4A-4CCC-A8C6-FD925091B1FD} = {21B8AFBE-101E-4658-982F-DECEACDB1423}
		{4CFC13DB-2B81-4435-954F-D0EE6C6DC9C4} = {21B8AFBE-101E-4658-982F-DECEACDB1423}
		{C3D1FDBB-1F37-4464-8619-F6C68E738A41} = {4CFC13DB-2B81-4435-954F-D0EE6C6DC9C4}
		{EF9C556C-6DD9-4A30-B8E5-59DE25F4B044} = {DE910A07-779A-41F1-A45D-F479368FD89E}
		{660ABB80-2601-4864-B5D2-F92CA13A7B1F} = {DE910A07-779A-41F1-A45D-F479368FD89E}
		{59F39A07-B0AA-4320-A087-2D66BA913186} = {9CA1796F-4B9D-4DF9-BF87-9A60CE171282}
		{1E674B56-7DBE-419D-9840-AD92CC7C8773} = {9CA1796F-4B9D-4DF9-BF87-9A60CE171282}
		{2BD01860-0DF4-458A-AE40-FFF6441D5BD2} = {39DC0D3E-BB4A-4CCC-A8C6-FD925091B1FD}
		{39ED1235-CF0C-42CC-8DFF-7A83DD4AE89F} = {39DC0D3E-BB4A-4CCC-A8C6-FD925091B1FD}
		{E095E3C4-A8A7-4327-A953-078203087302} = {21B8AFBE-101E-4658-982F-DECEACDB1423}
		{F0D53E44-5DE1-4D1A-81C3-F049E081B32B} = {E095E3C4-A8A7-4327-A953-078203087302}
		{AB98F16C-5671-49B6-ABDC-94505FAD6A74} = {E095E3C4-A8A7-4327-A953-078203087302}
		{A49D29F2-4F06-4AC8-8796-DA56A8D0CD71} = {21B8AFBE-101E-4658-982F-DECEACDB1423}
	EndGlobalSection
	GlobalSection(ExtensibilityGlobals) = postSolution
		SolutionGuid = {61E965D0-D06B-49C1-881D-780568C9C080}
	EndGlobalSection
EndGlobal
